// !$*UTF8*$!
{
	archiveVersion = 1;
	classes = {
	};
	objectVersion = 50;
	objects = {

/* Begin PBXBuildFile section */
		4E0D0A442325920200698D56 /* AppDelegate.swift in Sources */ = {isa = PBXBuildFile; fileRef = 4E0D0A432325920200698D56 /* AppDelegate.swift */; };
		4E0D0A462325920200698D56 /* ViewController.swift in Sources */ = {isa = PBXBuildFile; fileRef = 4E0D0A452325920200698D56 /* ViewController.swift */; };
		4E0D0A492325920200698D56 /* Main.storyboard in Resources */ = {isa = PBXBuildFile; fileRef = 4E0D0A472325920200698D56 /* Main.storyboard */; };
		4E0D0A4B2325920300698D56 /* Assets.xcassets in Resources */ = {isa = PBXBuildFile; fileRef = 4E0D0A4A2325920300698D56 /* Assets.xcassets */; };
		4E0D0A4E2325920300698D56 /* LaunchScreen.storyboard in Resources */ = {isa = PBXBuildFile; fileRef = 4E0D0A4C2325920300698D56 /* LaunchScreen.storyboard */; };
		4E0D0A592325920300698D56 /* TactechTests.swift in Sources */ = {isa = PBXBuildFile; fileRef = 4E0D0A582325920300698D56 /* TactechTests.swift */; };
		4E0D0A642325920300698D56 /* TactechUITests.swift in Sources */ = {isa = PBXBuildFile; fileRef = 4E0D0A632325920300698D56 /* TactechUITests.swift */; };
		4E68A221236F8A1E00BCDF7A /* TableViewCell.swift in Sources */ = {isa = PBXBuildFile; fileRef = 4E68A220236F8A1E00BCDF7A /* TableViewCell.swift */; };
		4ECCB2C0236FB1BD0055FA7B /* BrailleCell.swift in Sources */ = {isa = PBXBuildFile; fileRef = 4ECCB2BF236FB1BD0055FA7B /* BrailleCell.swift */; };
/* End PBXBuildFile section */

/* Begin PBXContainerItemProxy section */
		4E0D0A552325920300698D56 /* PBXContainerItemProxy */ = {
			isa = PBXContainerItemProxy;
			containerPortal = 4E0D0A382325920200698D56 /* Project object */;
			proxyType = 1;
			remoteGlobalIDString = 4E0D0A3F2325920200698D56;
			remoteInfo = Tactech;
		};
		4E0D0A602325920300698D56 /* PBXContainerItemProxy */ = {
			isa = PBXContainerItemProxy;
			containerPortal = 4E0D0A382325920200698D56 /* Project object */;
			proxyType = 1;
			remoteGlobalIDString = 4E0D0A3F2325920200698D56;
			remoteInfo = Tactech;
		};
/* End PBXContainerItemProxy section */

/* Begin PBXFileReference section */
		4E0D0A402325920200698D56 /* Tactech.app */ = {isa = PBXFileReference; explicitFileType = wrapper.application; includeInIndex = 0; path = Tactech.app; sourceTree = BUILT_PRODUCTS_DIR; };
		4E0D0A432325920200698D56 /* AppDelegate.swift */ = {isa = PBXFileReference; lastKnownFileType = sourcecode.swift; path = AppDelegate.swift; sourceTree = "<group>"; };
		4E0D0A452325920200698D56 /* ViewController.swift */ = {isa = PBXFileReference; lastKnownFileType = sourcecode.swift; path = ViewController.swift; sourceTree = "<group>"; };
		4E0D0A482325920200698D56 /* Base */ = {isa = PBXFileReference; lastKnownFileType = file.storyboard; name = Base; path = Base.lproj/Main.storyboard; sourceTree = "<group>"; };
		4E0D0A4A2325920300698D56 /* Assets.xcassets */ = {isa = PBXFileReference; lastKnownFileType = folder.assetcatalog; path = Assets.xcassets; sourceTree = "<group>"; };
		4E0D0A4D2325920300698D56 /* Base */ = {isa = PBXFileReference; lastKnownFileType = file.storyboard; name = Base; path = Base.lproj/LaunchScreen.storyboard; sourceTree = "<group>"; };
		4E0D0A4F2325920300698D56 /* Info.plist */ = {isa = PBXFileReference; lastKnownFileType = text.plist.xml; path = Info.plist; sourceTree = "<group>"; };
		4E0D0A542325920300698D56 /* TactechTests.xctest */ = {isa = PBXFileReference; explicitFileType = wrapper.cfbundle; includeInIndex = 0; path = TactechTests.xctest; sourceTree = BUILT_PRODUCTS_DIR; };
		4E0D0A582325920300698D56 /* TactechTests.swift */ = {isa = PBXFileReference; lastKnownFileType = sourcecode.swift; path = TactechTests.swift; sourceTree = "<group>"; };
		4E0D0A5A2325920300698D56 /* Info.plist */ = {isa = PBXFileReference; lastKnownFileType = text.plist.xml; path = Info.plist; sourceTree = "<group>"; };
		4E0D0A5F2325920300698D56 /* TactechUITests.xctest */ = {isa = PBXFileReference; explicitFileType = wrapper.cfbundle; includeInIndex = 0; path = TactechUITests.xctest; sourceTree = BUILT_PRODUCTS_DIR; };
		4E0D0A632325920300698D56 /* TactechUITests.swift */ = {isa = PBXFileReference; lastKnownFileType = sourcecode.swift; path = TactechUITests.swift; sourceTree = "<group>"; };
		4E0D0A652325920300698D56 /* Info.plist */ = {isa = PBXFileReference; lastKnownFileType = text.plist.xml; path = Info.plist; sourceTree = "<group>"; };
		4E68A220236F8A1E00BCDF7A /* TableViewCell.swift */ = {isa = PBXFileReference; lastKnownFileType = sourcecode.swift; path = TableViewCell.swift; sourceTree = "<group>"; };
		4ECCB2BF236FB1BD0055FA7B /* BrailleCell.swift */ = {isa = PBXFileReference; lastKnownFileType = sourcecode.swift; path = BrailleCell.swift; sourceTree = "<group>"; };
/* End PBXFileReference section */

/* Begin PBXFrameworksBuildPhase section */
		4E0D0A3D2325920200698D56 /* Frameworks */ = {
			isa = PBXFrameworksBuildPhase;
			buildActionMask = 2147483647;
			files = (
			);
			runOnlyForDeploymentPostprocessing = 0;
		};
		4E0D0A512325920300698D56 /* Frameworks */ = {
			isa = PBXFrameworksBuildPhase;
			buildActionMask = 2147483647;
			files = (
			);
			runOnlyForDeploymentPostprocessing = 0;
		};
		4E0D0A5C2325920300698D56 /* Frameworks */ = {
			isa = PBXFrameworksBuildPhase;
			buildActionMask = 2147483647;
			files = (
			);
			runOnlyForDeploymentPostprocessing = 0;
		};
/* End PBXFrameworksBuildPhase section */

/* Begin PBXGroup section */
		4E0D0A372325920200698D56 = {
			isa = PBXGroup;
			children = (
				4E0D0A422325920200698D56 /* tactech */,
				4E0D0A572325920300698D56 /* tactechTests */,
				4E0D0A622325920300698D56 /* tactechUITests */,
				4E0D0A412325920200698D56 /* products */,
			);
			sourceTree = "<group>";
		};
		4E0D0A412325920200698D56 /* products */ = {
			isa = PBXGroup;
			children = (
				4E0D0A402325920200698D56 /* Tactech.app */,
				4E0D0A542325920300698D56 /* TactechTests.xctest */,
				4E0D0A5F2325920300698D56 /* TactechUITests.xctest */,
			);
			name = products;
			sourceTree = "<group>";
		};
		4E0D0A422325920200698D56 /* tactech */ = {
			isa = PBXGroup;
			children = (
				4ECCB2BF236FB1BD0055FA7B /* BrailleCell.swift */,
				4E0D0A452325920200698D56 /* ViewController.swift */,
				4E0D0A432325920200698D56 /* AppDelegate.swift */,
				4E0D0A472325920200698D56 /* Main.storyboard */,
				4E0D0A4A2325920300698D56 /* Assets.xcassets */,
				4E0D0A4C2325920300698D56 /* LaunchScreen.storyboard */,
				4E0D0A4F2325920300698D56 /* Info.plist */,
				4E68A220236F8A1E00BCDF7A /* TableViewCell.swift */,
			);
			path = tactech;
			sourceTree = "<group>";
		};
		4E0D0A572325920300698D56 /* tactechTests */ = {
			isa = PBXGroup;
			children = (
				4E0D0A582325920300698D56 /* TactechTests.swift */,
				4E0D0A5A2325920300698D56 /* Info.plist */,
			);
			path = tactechTests;
			sourceTree = "<group>";
		};
		4E0D0A622325920300698D56 /* tactechUITests */ = {
			isa = PBXGroup;
			children = (
				4E0D0A632325920300698D56 /* TactechUITests.swift */,
				4E0D0A652325920300698D56 /* Info.plist */,
			);
			path = tactechUITests;
			sourceTree = "<group>";
		};
/* End PBXGroup section */

/* Begin PBXNativeTarget section */
		4E0D0A3F2325920200698D56 /* Tactech */ = {
			isa = PBXNativeTarget;
			buildConfigurationList = 4E0D0A682325920300698D56 /* Build configuration list for PBXNativeTarget "Tactech" */;
			buildPhases = (
				4E0D0A3C2325920200698D56 /* Sources */,
				4E0D0A3D2325920200698D56 /* Frameworks */,
				4E0D0A3E2325920200698D56 /* Resources */,
			);
			buildRules = (
			);
			dependencies = (
			);
			name = Tactech;
			productName = Tactech;
			productReference = 4E0D0A402325920200698D56 /* Tactech.app */;
			productType = "com.apple.product-type.application";
		};
		4E0D0A532325920300698D56 /* TactechTests */ = {
			isa = PBXNativeTarget;
			buildConfigurationList = 4E0D0A6B2325920300698D56 /* Build configuration list for PBXNativeTarget "TactechTests" */;
			buildPhases = (
				4E0D0A502325920300698D56 /* Sources */,
				4E0D0A512325920300698D56 /* Frameworks */,
				4E0D0A522325920300698D56 /* Resources */,
			);
			buildRules = (
			);
			dependencies = (
				4E0D0A562325920300698D56 /* PBXTargetDependency */,
			);
			name = TactechTests;
			productName = TactechTests;
			productReference = 4E0D0A542325920300698D56 /* TactechTests.xctest */;
			productType = "com.apple.product-type.bundle.unit-test";
		};
		4E0D0A5E2325920300698D56 /* TactechUITests */ = {
			isa = PBXNativeTarget;
			buildConfigurationList = 4E0D0A6E2325920300698D56 /* Build configuration list for PBXNativeTarget "TactechUITests" */;
			buildPhases = (
				4E0D0A5B2325920300698D56 /* Sources */,
				4E0D0A5C2325920300698D56 /* Frameworks */,
				4E0D0A5D2325920300698D56 /* Resources */,
			);
			buildRules = (
			);
			dependencies = (
				4E0D0A612325920300698D56 /* PBXTargetDependency */,
			);
			name = TactechUITests;
			productName = TactechUITests;
			productReference = 4E0D0A5F2325920300698D56 /* TactechUITests.xctest */;
			productType = "com.apple.product-type.bundle.ui-testing";
		};
/* End PBXNativeTarget section */

/* Begin PBXProject section */
		4E0D0A382325920200698D56 /* Project object */ = {
			isa = PBXProject;
			attributes = {
				LastSwiftUpdateCheck = 1010;
				LastUpgradeCheck = 1010;
				ORGANIZATIONNAME = "Chandler Griffin";
				TargetAttributes = {
					4E0D0A3F2325920200698D56 = {
						CreatedOnToolsVersion = 10.1;
						LastSwiftMigration = 1100;
					};
					4E0D0A532325920300698D56 = {
						CreatedOnToolsVersion = 10.1;
						LastSwiftMigration = 1100;
						TestTargetID = 4E0D0A3F2325920200698D56;
					};
					4E0D0A5E2325920300698D56 = {
						CreatedOnToolsVersion = 10.1;
						LastSwiftMigration = 1100;
						TestTargetID = 4E0D0A3F2325920200698D56;
					};
				};
			};
			buildConfigurationList = 4E0D0A3B2325920200698D56 /* Build configuration list for PBXProject "tactech" */;
			compatibilityVersion = "Xcode 9.3";
			developmentRegion = en;
			hasScannedForEncodings = 0;
			knownRegions = (
				en,
				Base,
			);
			mainGroup = 4E0D0A372325920200698D56;
			productRefGroup = 4E0D0A412325920200698D56 /* products */;
			projectDirPath = "";
			projectRoot = "";
			targets = (
				4E0D0A3F2325920200698D56 /* Tactech */,
				4E0D0A532325920300698D56 /* TactechTests */,
				4E0D0A5E2325920300698D56 /* TactechUITests */,
			);
		};
/* End PBXProject section */

/* Begin PBXResourcesBuildPhase section */
		4E0D0A3E2325920200698D56 /* Resources */ = {
			isa = PBXResourcesBuildPhase;
			buildActionMask = 2147483647;
			files = (
				4E0D0A4E2325920300698D56 /* LaunchScreen.storyboard in Resources */,
				4E0D0A4B2325920300698D56 /* Assets.xcassets in Resources */,
				4E0D0A492325920200698D56 /* Main.storyboard in Resources */,
			);
			runOnlyForDeploymentPostprocessing = 0;
		};
		4E0D0A522325920300698D56 /* Resources */ = {
			isa = PBXResourcesBuildPhase;
			buildActionMask = 2147483647;
			files = (
			);
			runOnlyForDeploymentPostprocessing = 0;
		};
		4E0D0A5D2325920300698D56 /* Resources */ = {
			isa = PBXResourcesBuildPhase;
			buildActionMask = 2147483647;
			files = (
			);
			runOnlyForDeploymentPostprocessing = 0;
		};
/* End PBXResourcesBuildPhase section */

/* Begin PBXSourcesBuildPhase section */
		4E0D0A3C2325920200698D56 /* Sources */ = {
			isa = PBXSourcesBuildPhase;
			buildActionMask = 2147483647;
			files = (
				4E68A221236F8A1E00BCDF7A /* TableViewCell.swift in Sources */,
				4E0D0A462325920200698D56 /* ViewController.swift in Sources */,
				4E0D0A442325920200698D56 /* AppDelegate.swift in Sources */,
				4ECCB2C0236FB1BD0055FA7B /* BrailleCell.swift in Sources */,
			);
			runOnlyForDeploymentPostprocessing = 0;
		};
		4E0D0A502325920300698D56 /* Sources */ = {
			isa = PBXSourcesBuildPhase;
			buildActionMask = 2147483647;
			files = (
				4E0D0A592325920300698D56 /* TactechTests.swift in Sources */,
			);
			runOnlyForDeploymentPostprocessing = 0;
		};
		4E0D0A5B2325920300698D56 /* Sources */ = {
			isa = PBXSourcesBuildPhase;
			buildActionMask = 2147483647;
			files = (
				4E0D0A642325920300698D56 /* TactechUITests.swift in Sources */,
			);
			runOnlyForDeploymentPostprocessing = 0;
		};
/* End PBXSourcesBuildPhase section */

/* Begin PBXTargetDependency section */
		4E0D0A562325920300698D56 /* PBXTargetDependency */ = {
			isa = PBXTargetDependency;
			target = 4E0D0A3F2325920200698D56 /* Tactech */;
			targetProxy = 4E0D0A552325920300698D56 /* PBXContainerItemProxy */;
		};
		4E0D0A612325920300698D56 /* PBXTargetDependency */ = {
			isa = PBXTargetDependency;
			target = 4E0D0A3F2325920200698D56 /* Tactech */;
			targetProxy = 4E0D0A602325920300698D56 /* PBXContainerItemProxy */;
		};
/* End PBXTargetDependency section */

/* Begin PBXVariantGroup section */
		4E0D0A472325920200698D56 /* Main.storyboard */ = {
			isa = PBXVariantGroup;
			children = (
				4E0D0A482325920200698D56 /* Base */,
			);
			name = Main.storyboard;
			sourceTree = "<group>";
		};
		4E0D0A4C2325920300698D56 /* LaunchScreen.storyboard */ = {
			isa = PBXVariantGroup;
			children = (
				4E0D0A4D2325920300698D56 /* Base */,
			);
			name = LaunchScreen.storyboard;
			sourceTree = "<group>";
		};
/* End PBXVariantGroup section */

/* Begin XCBuildConfiguration section */
		4E0D0A662325920300698D56 /* Debug */ = {
			isa = XCBuildConfiguration;
			buildSettings = {
				ALWAYS_SEARCH_USER_PATHS = NO;
				CLANG_ANALYZER_NONNULL = YES;
				CLANG_ANALYZER_NUMBER_OBJECT_CONVERSION = YES_AGGRESSIVE;
				CLANG_CXX_LANGUAGE_STANDARD = "gnu++14";
				CLANG_CXX_LIBRARY = "libc++";
				CLANG_ENABLE_MODULES = YES;
				CLANG_ENABLE_OBJC_ARC = YES;
				CLANG_ENABLE_OBJC_WEAK = YES;
				CLANG_WARN_BLOCK_CAPTURE_AUTORELEASING = YES;
				CLANG_WARN_BOOL_CONVERSION = YES;
				CLANG_WARN_COMMA = YES;
				CLANG_WARN_CONSTANT_CONVERSION = YES;
				CLANG_WARN_DEPRECATED_OBJC_IMPLEMENTATIONS = YES;
				CLANG_WARN_DIRECT_OBJC_ISA_USAGE = YES_ERROR;
				CLANG_WARN_DOCUMENTATION_COMMENTS = YES;
				CLANG_WARN_EMPTY_BODY = YES;
				CLANG_WARN_ENUM_CONVERSION = YES;
				CLANG_WARN_INFINITE_RECURSION = YES;
				CLANG_WARN_INT_CONVERSION = YES;
				CLANG_WARN_NON_LITERAL_NULL_CONVERSION = YES;
				CLANG_WARN_OBJC_IMPLICIT_RETAIN_SELF = YES;
				CLANG_WARN_OBJC_LITERAL_CONVERSION = YES;
				CLANG_WARN_OBJC_ROOT_CLASS = YES_ERROR;
				CLANG_WARN_RANGE_LOOP_ANALYSIS = YES;
				CLANG_WARN_STRICT_PROTOTYPES = YES;
				CLANG_WARN_SUSPICIOUS_MOVE = YES;
				CLANG_WARN_UNGUARDED_AVAILABILITY = YES_AGGRESSIVE;
				CLANG_WARN_UNREACHABLE_CODE = YES;
				CLANG_WARN__DUPLICATE_METHOD_MATCH = YES;
				CODE_SIGN_IDENTITY = "iPhone Developer";
				COPY_PHASE_STRIP = NO;
				DEBUG_INFORMATION_FORMAT = dwarf;
				ENABLE_STRICT_OBJC_MSGSEND = YES;
				ENABLE_TESTABILITY = YES;
				GCC_C_LANGUAGE_STANDARD = gnu11;
				GCC_DYNAMIC_NO_PIC = NO;
				GCC_NO_COMMON_BLOCKS = YES;
				GCC_OPTIMIZATION_LEVEL = 0;
				GCC_PREPROCESSOR_DEFINITIONS = (
					"DEBUG=1",
					"$(inherited)",
				);
				GCC_WARN_64_TO_32_BIT_CONVERSION = YES;
				GCC_WARN_ABOUT_RETURN_TYPE = YES_ERROR;
				GCC_WARN_UNDECLARED_SELECTOR = YES;
				GCC_WARN_UNINITIALIZED_AUTOS = YES_AGGRESSIVE;
				GCC_WARN_UNUSED_FUNCTION = YES;
				GCC_WARN_UNUSED_VARIABLE = YES;
				IPHONEOS_DEPLOYMENT_TARGET = 12.1;
				MTL_ENABLE_DEBUG_INFO = INCLUDE_SOURCE;
				MTL_FAST_MATH = YES;
				ONLY_ACTIVE_ARCH = YES;
				SDKROOT = iphoneos;
				SWIFT_ACTIVE_COMPILATION_CONDITIONS = DEBUG;
				SWIFT_OPTIMIZATION_LEVEL = "-Onone";
			};
			name = Debug;
		};
		4E0D0A672325920300698D56 /* Release */ = {
			isa = XCBuildConfiguration;
			buildSettings = {
				ALWAYS_SEARCH_USER_PATHS = NO;
				CLANG_ANALYZER_NONNULL = YES;
				CLANG_ANALYZER_NUMBER_OBJECT_CONVERSION = YES_AGGRESSIVE;
				CLANG_CXX_LANGUAGE_STANDARD = "gnu++14";
				CLANG_CXX_LIBRARY = "libc++";
				CLANG_ENABLE_MODULES = YES;
				CLANG_ENABLE_OBJC_ARC = YES;
				CLANG_ENABLE_OBJC_WEAK = YES;
				CLANG_WARN_BLOCK_CAPTURE_AUTORELEASING = YES;
				CLANG_WARN_BOOL_CONVERSION = YES;
				CLANG_WARN_COMMA = YES;
				CLANG_WARN_CONSTANT_CONVERSION = YES;
				CLANG_WARN_DEPRECATED_OBJC_IMPLEMENTATIONS = YES;
				CLANG_WARN_DIRECT_OBJC_ISA_USAGE = YES_ERROR;
				CLANG_WARN_DOCUMENTATION_COMMENTS = YES;
				CLANG_WARN_EMPTY_BODY = YES;
				CLANG_WARN_ENUM_CONVERSION = YES;
				CLANG_WARN_INFINITE_RECURSION = YES;
				CLANG_WARN_INT_CONVERSION = YES;
				CLANG_WARN_NON_LITERAL_NULL_CONVERSION = YES;
				CLANG_WARN_OBJC_IMPLICIT_RETAIN_SELF = YES;
				CLANG_WARN_OBJC_LITERAL_CONVERSION = YES;
				CLANG_WARN_OBJC_ROOT_CLASS = YES_ERROR;
				CLANG_WARN_RANGE_LOOP_ANALYSIS = YES;
				CLANG_WARN_STRICT_PROTOTYPES = YES;
				CLANG_WARN_SUSPICIOUS_MOVE = YES;
				CLANG_WARN_UNGUARDED_AVAILABILITY = YES_AGGRESSIVE;
				CLANG_WARN_UNREACHABLE_CODE = YES;
				CLANG_WARN__DUPLICATE_METHOD_MATCH = YES;
				CODE_SIGN_IDENTITY = "iPhone Developer";
				COPY_PHASE_STRIP = NO;
				DEBUG_INFORMATION_FORMAT = "dwarf-with-dsym";
				ENABLE_NS_ASSERTIONS = NO;
				ENABLE_STRICT_OBJC_MSGSEND = YES;
				GCC_C_LANGUAGE_STANDARD = gnu11;
				GCC_NO_COMMON_BLOCKS = YES;
				GCC_WARN_64_TO_32_BIT_CONVERSION = YES;
				GCC_WARN_ABOUT_RETURN_TYPE = YES_ERROR;
				GCC_WARN_UNDECLARED_SELECTOR = YES;
				GCC_WARN_UNINITIALIZED_AUTOS = YES_AGGRESSIVE;
				GCC_WARN_UNUSED_FUNCTION = YES;
				GCC_WARN_UNUSED_VARIABLE = YES;
				IPHONEOS_DEPLOYMENT_TARGET = 12.1;
				MTL_ENABLE_DEBUG_INFO = NO;
				MTL_FAST_MATH = YES;
				SDKROOT = iphoneos;
				SWIFT_COMPILATION_MODE = wholemodule;
				SWIFT_OPTIMIZATION_LEVEL = "-O";
				VALIDATE_PRODUCT = YES;
			};
			name = Release;
		};
		4E0D0A692325920300698D56 /* Debug */ = {
			isa = XCBuildConfiguration;
			buildSettings = {
				ASSETCATALOG_COMPILER_APPICON_NAME = AppIcon;
				CODE_SIGN_STYLE = Automatic;
				INFOPLIST_FILE = Tactech/Info.plist;
				LD_RUNPATH_SEARCH_PATHS = (
					"$(inherited)",
					"@executable_path/Frameworks",
				);
				PRODUCT_BUNDLE_IDENTIFIER = seniorproject.tactech;
				PRODUCT_NAME = "$(TARGET_NAME)";
				SWIFT_VERSION = 5.0;
				TARGETED_DEVICE_FAMILY = "1,2";
			};
			name = Debug;
		};
		4E0D0A6A2325920300698D56 /* Release */ = {
			isa = XCBuildConfiguration;
			buildSettings = {
				ASSETCATALOG_COMPILER_APPICON_NAME = AppIcon;
				CODE_SIGN_STYLE = Automatic;
				INFOPLIST_FILE = Tactech/Info.plist;
				LD_RUNPATH_SEARCH_PATHS = (
					"$(inherited)",
					"@executable_path/Frameworks",
				);
				PRODUCT_BUNDLE_IDENTIFIER = seniorproject.tactech;
				PRODUCT_NAME = "$(TARGET_NAME)";
				SWIFT_VERSION = 5.0;
				TARGETED_DEVICE_FAMILY = "1,2";
			};
			name = Release;
		};
		4E0D0A6C2325920300698D56 /* Debug */ = {
			isa = XCBuildConfiguration;
			buildSettings = {
				ALWAYS_EMBED_SWIFT_STANDARD_LIBRARIES = YES;
				BUNDLE_LOADER = "$(TEST_HOST)";
				CODE_SIGN_STYLE = Automatic;
				INFOPLIST_FILE = TactechTests/Info.plist;
				LD_RUNPATH_SEARCH_PATHS = (
					"$(inherited)",
					"@executable_path/Frameworks",
					"@loader_path/Frameworks",
				);
				PRODUCT_BUNDLE_IDENTIFIER = seniorproject.TactechTests;
				PRODUCT_NAME = "$(TARGET_NAME)";
				SWIFT_VERSION = 5.0;
				TARGETED_DEVICE_FAMILY = "1,2";
				TEST_HOST = "$(BUILT_PRODUCTS_DIR)/Tactech.app/Tactech";
			};
			name = Debug;
		};
		4E0D0A6D2325920300698D56 /* Release */ = {
			isa = XCBuildConfiguration;
			buildSettings = {
				ALWAYS_EMBED_SWIFT_STANDARD_LIBRARIES = YES;
				BUNDLE_LOADER = "$(TEST_HOST)";
				CODE_SIGN_STYLE = Automatic;
				INFOPLIST_FILE = TactechTests/Info.plist;
				LD_RUNPATH_SEARCH_PATHS = (
					"$(inherited)",
					"@executable_path/Frameworks",
					"@loader_path/Frameworks",
				);
				PRODUCT_BUNDLE_IDENTIFIER = seniorproject.TactechTests;
				PRODUCT_NAME = "$(TARGET_NAME)";
				SWIFT_VERSION = 5.0;
				TARGETED_DEVICE_FAMILY = "1,2";
				TEST_HOST = "$(BUILT_PRODUCTS_DIR)/Tactech.app/Tactech";
			};
			name = Release;
		};
		4E0D0A6F2325920300698D56 /* Debug */ = {
			isa = XCBuildConfiguration;
			buildSettings = {
				ALWAYS_EMBED_SWIFT_STANDARD_LIBRARIES = YES;
				CODE_SIGN_STYLE = Automatic;
				INFOPLIST_FILE = TactechUITests/Info.plist;
				LD_RUNPATH_SEARCH_PATHS = (
					"$(inherited)",
					"@executable_path/Frameworks",
					"@loader_path/Frameworks",
				);
				PRODUCT_BUNDLE_IDENTIFIER = seniorproject.TactechUITests;
				PRODUCT_NAME = "$(TARGET_NAME)";
				SWIFT_VERSION = 5.0;
				TARGETED_DEVICE_FAMILY = "1,2";
				TEST_TARGET_NAME = Tactech;
			};
			name = Debug;
		};
		4E0D0A702325920300698D56 /* Release */ = {
			isa = XCBuildConfiguration;
			buildSettings = {
				ALWAYS_EMBED_SWIFT_STANDARD_LIBRARIES = YES;
				CODE_SIGN_STYLE = Automatic;
				INFOPLIST_FILE = TactechUITests/Info.plist;
				LD_RUNPATH_SEARCH_PATHS = (
					"$(inherited)",
					"@executable_path/Frameworks",
					"@loader_path/Frameworks",
				);
				PRODUCT_BUNDLE_IDENTIFIER = seniorproject.TactechUITests;
				PRODUCT_NAME = "$(TARGET_NAME)";
				SWIFT_VERSION = 5.0;
				TARGETED_DEVICE_FAMILY = "1,2";
				TEST_TARGET_NAME = Tactech;
			};
			name = Release;
		};
/* End XCBuildConfiguration section */

/* Begin XCConfigurationList section */
		4E0D0A3B2325920200698D56 /* Build configuration list for PBXProject "tactech" */ = {
			isa = XCConfigurationList;
			buildConfigurations = (
				4E0D0A662325920300698D56 /* Debug */,
				4E0D0A672325920300698D56 /* Release */,
			);
			defaultConfigurationIsVisible = 0;
			defaultConfigurationName = Release;
		};
		4E0D0A682325920300698D56 /* Build configuration list for PBXNativeTarget "Tactech" */ = {
			isa = XCConfigurationList;
			buildConfigurations = (
				4E0D0A692325920300698D56 /* Debug */,
				4E0D0A6A2325920300698D56 /* Release */,
			);
			defaultConfigurationIsVisible = 0;
			defaultConfigurationName = Release;
		};
		4E0D0A6B2325920300698D56 /* Build configuration list for PBXNativeTarget "TactechTests" */ = {
			isa = XCConfigurationList;
			buildConfigurations = (
				4E0D0A6C2325920300698D56 /* Debug */,
				4E0D0A6D2325920300698D56 /* Release */,
			);
			defaultConfigurationIsVisible = 0;
			defaultConfigurationName = Release;
		};
		4E0D0A6E2325920300698D56 /* Build configuration list for PBXNativeTarget "TactechUITests" */ = {
			isa = XCConfigurationList;
			buildConfigurations = (
				4E0D0A6F2325920300698D56 /* Debug */,
				4E0D0A702325920300698D56 /* Release */,
			);
			defaultConfigurationIsVisible = 0;
			defaultConfigurationName = Release;
		};
/* End XCConfigurationList section */
	};
	rootObject = 4E0D0A382325920200698D56 /* Project object */;
}
